
Microsoft Visual Studio Solution File, Format Version 12.00
# Visual Studio Version 17
VisualStudioVersion = 17.8.34525.116
MinimumVisualStudioVersion = 10.0.40219.1
Project("{FAE04EC0-301F-11D3-BF4B-00C04F79EFBC}") = "VLCLIB", "VLCLIB\VLCLIB.csproj", "{F4DBFDA5-40B5-42DC-9527-2B32E98CF22E}"
EndProject
Global
	GlobalSection(SolutionConfigurationPlatforms) = preSolution
		Debug|Any CPU = Debug|Any CPU
		Release|Any CPU = Release|Any CPU
	EndGlobalSection
	GlobalSection(ProjectConfigurationPlatforms) = postSolution
		{F4DBFDA5-40B5-42DC-9527-2B32E98CF22E}.Debug|Any CPU.ActiveCfg = Debug|Any CPU
		{F4DBFDA5-40B5-42DC-9527-2B32E98CF22E}.Debug|Any CPU.Build.0 = Debug|Any CPU
		{F4DBFDA5-40B5-42DC-9527-2B32E98CF22E}.Release|Any CPU.ActiveCfg = Release|Any CPU
		{F4DBFDA5-40B5-42DC-9527-2B32E98CF22E}.Release|Any CPU.Build.0 = Release|Any CPU
	EndGlobalSection
	GlobalSection(SolutionProperties) = preSolution
		HideSolutionNode = FALSE
	EndGlobalSection
	GlobalSection(ExtensibilityGlobals) = postSolution
		SolutionGuid = {F82D29B7-0CA7-4DDD-90AE-5780A1A7550F}
	EndGlobalSection
EndGlobal
